// !$*UTF8*$!
{
	archiveVersion = 1;
	classes = {
	};
	objectVersion = 55;
	objects = {

/* Begin PBXBuildFile section */
		6F4FD1C62868C5BB0050F115 /* NewsArticleCell.swift in Sources */ = {isa = PBXBuildFile; fileRef = 6F4FD1C52868C5BB0050F115 /* NewsArticleCell.swift */; };
		6F4FD1C82868C6CF0050F115 /* DateUtils.swift in Sources */ = {isa = PBXBuildFile; fileRef = 6F4FD1C72868C6CF0050F115 /* DateUtils.swift */; };
		6F4FD1CA2868C7D60050F115 /* Alert.swift in Sources */ = {isa = PBXBuildFile; fileRef = 6F4FD1C92868C7D60050F115 /* Alert.swift */; };
		6F4FD1CC2868CA170050F115 /* NAError.swift in Sources */ = {isa = PBXBuildFile; fileRef = 6F4FD1CB2868CA170050F115 /* NAError.swift */; };
		6FB4241D2864BFB600AC7C53 /* NewsFeedApp.swift in Sources */ = {isa = PBXBuildFile; fileRef = 6FB4241C2864BFB600AC7C53 /* NewsFeedApp.swift */; };
		6FB4241F2864BFB600AC7C53 /* NewsListView.swift in Sources */ = {isa = PBXBuildFile; fileRef = 6FB4241E2864BFB600AC7C53 /* NewsListView.swift */; };
		6FB424212864BFB900AC7C53 /* Assets.xcassets in Resources */ = {isa = PBXBuildFile; fileRef = 6FB424202864BFB900AC7C53 /* Assets.xcassets */; };
		6FB424242864BFB900AC7C53 /* Preview Assets.xcassets in Resources */ = {isa = PBXBuildFile; fileRef = 6FB424232864BFB900AC7C53 /* Preview Assets.xcassets */; };
		6FB424262864BFB900AC7C53 /* Persistence.swift in Sources */ = {isa = PBXBuildFile; fileRef = 6FB424252864BFB900AC7C53 /* Persistence.swift */; };
		6FB424292864BFB900AC7C53 /* NewsFeed.xcdatamodeld in Sources */ = {isa = PBXBuildFile; fileRef = 6FB424272864BFB900AC7C53 /* NewsFeed.xcdatamodeld */; };
		6FB424312864C2AC00AC7C53 /* NewsHandler.swift in Sources */ = {isa = PBXBuildFile; fileRef = 6FB424302864C2AC00AC7C53 /* NewsHandler.swift */; };
		6FB424342864C3BA00AC7C53 /* NewsApiOrgDataSource.swift in Sources */ = {isa = PBXBuildFile; fileRef = 6FB424332864C3BA00AC7C53 /* NewsApiOrgDataSource.swift */; };
		6FB424372864C40B00AC7C53 /* NewsArticle.swift in Sources */ = {isa = PBXBuildFile; fileRef = 6FB424362864C40B00AC7C53 /* NewsArticle.swift */; };
		6FB4243E2864C6A000AC7C53 /* ApiConstants.swift in Sources */ = {isa = PBXBuildFile; fileRef = 6FB4243D2864C6A000AC7C53 /* ApiConstants.swift */; };
		6FB42463286505CA00AC7C53 /* NewsArticleDetailView.swift in Sources */ = {isa = PBXBuildFile; fileRef = 6FB42462286505CA00AC7C53 /* NewsArticleDetailView.swift */; };
/* End PBXBuildFile section */

/* Begin PBXFileReference section */
		6F4FD1C52868C5BB0050F115 /* NewsArticleCell.swift */ = {isa = PBXFileReference; lastKnownFileType = sourcecode.swift; path = NewsArticleCell.swift; sourceTree = "<group>"; };
		6F4FD1C72868C6CF0050F115 /* DateUtils.swift */ = {isa = PBXFileReference; lastKnownFileType = sourcecode.swift; path = DateUtils.swift; sourceTree = "<group>"; };
		6F4FD1C92868C7D60050F115 /* Alert.swift */ = {isa = PBXFileReference; lastKnownFileType = sourcecode.swift; path = Alert.swift; sourceTree = "<group>"; };
		6F4FD1CB2868CA170050F115 /* NAError.swift */ = {isa = PBXFileReference; lastKnownFileType = sourcecode.swift; path = NAError.swift; sourceTree = "<group>"; };
		6FB424192864BFB600AC7C53 /* NewsFeed.app */ = {isa = PBXFileReference; explicitFileType = wrapper.application; includeInIndex = 0; path = NewsFeed.app; sourceTree = BUILT_PRODUCTS_DIR; };
		6FB4241C2864BFB600AC7C53 /* NewsFeedApp.swift */ = {isa = PBXFileReference; lastKnownFileType = sourcecode.swift; path = NewsFeedApp.swift; sourceTree = "<group>"; };
		6FB4241E2864BFB600AC7C53 /* NewsListView.swift */ = {isa = PBXFileReference; lastKnownFileType = sourcecode.swift; path = NewsListView.swift; sourceTree = "<group>"; };
		6FB424202864BFB900AC7C53 /* Assets.xcassets */ = {isa = PBXFileReference; lastKnownFileType = folder.assetcatalog; path = Assets.xcassets; sourceTree = "<group>"; };
		6FB424232864BFB900AC7C53 /* Preview Assets.xcassets */ = {isa = PBXFileReference; lastKnownFileType = folder.assetcatalog; path = "Preview Assets.xcassets"; sourceTree = "<group>"; };
		6FB424252864BFB900AC7C53 /* Persistence.swift */ = {isa = PBXFileReference; lastKnownFileType = sourcecode.swift; path = Persistence.swift; sourceTree = "<group>"; };
		6FB424282864BFB900AC7C53 /* NewsFeed.xcdatamodel */ = {isa = PBXFileReference; lastKnownFileType = wrapper.xcdatamodel; path = NewsFeed.xcdatamodel; sourceTree = "<group>"; };
		6FB424302864C2AC00AC7C53 /* NewsHandler.swift */ = {isa = PBXFileReference; lastKnownFileType = sourcecode.swift; path = NewsHandler.swift; sourceTree = "<group>"; };
		6FB424332864C3BA00AC7C53 /* NewsApiOrgDataSource.swift */ = {isa = PBXFileReference; lastKnownFileType = sourcecode.swift; path = NewsApiOrgDataSource.swift; sourceTree = "<group>"; };
		6FB424362864C40B00AC7C53 /* NewsArticle.swift */ = {isa = PBXFileReference; lastKnownFileType = sourcecode.swift; path = NewsArticle.swift; sourceTree = "<group>"; };
		6FB4243D2864C6A000AC7C53 /* ApiConstants.swift */ = {isa = PBXFileReference; lastKnownFileType = sourcecode.swift; path = ApiConstants.swift; sourceTree = "<group>"; };
		6FB42462286505CA00AC7C53 /* NewsArticleDetailView.swift */ = {isa = PBXFileReference; lastKnownFileType = sourcecode.swift; path = NewsArticleDetailView.swift; sourceTree = "<group>"; };
/* End PBXFileReference section */

/* Begin PBXFrameworksBuildPhase section */
		6FB424162864BFB600AC7C53 /* Frameworks */ = {
			isa = PBXFrameworksBuildPhase;
			buildActionMask = 2147483647;
			files = (
			);
			runOnlyForDeploymentPostprocessing = 0;
		};
/* End PBXFrameworksBuildPhase section */

/* Begin PBXGroup section */
		6F4FD1C42868C37E0050F115 /* Utils */ = {
			isa = PBXGroup;
			children = (
				6F4FD1C72868C6CF0050F115 /* DateUtils.swift */,
				6F4FD1C92868C7D60050F115 /* Alert.swift */,
				6F4FD1CB2868CA170050F115 /* NAError.swift */,
			);
			path = Utils;
			sourceTree = "<group>";
		};
		6FB424102864BFB600AC7C53 = {
			isa = PBXGroup;
			children = (
				6FB4241B2864BFB600AC7C53 /* NewsFeed */,
				6FB4241A2864BFB600AC7C53 /* Products */,
			);
			sourceTree = "<group>";
		};
		6FB4241A2864BFB600AC7C53 /* Products */ = {
			isa = PBXGroup;
			children = (
				6FB424192864BFB600AC7C53 /* NewsFeed.app */,
			);
			name = Products;
			sourceTree = "<group>";
		};
		6FB4241B2864BFB600AC7C53 /* NewsFeed */ = {
			isa = PBXGroup;
			children = (
				6FB424352864C3DB00AC7C53 /* Model */,
				6FB424322864C38A00AC7C53 /* Data */,
				6FB4242F2864C28900AC7C53 /* ViewModel */,
				6FB42464286506BC00AC7C53 /* View */,
				6F4FD1C42868C37E0050F115 /* Utils */,
				6FB4241C2864BFB600AC7C53 /* NewsFeedApp.swift */,
				6FB424252864BFB900AC7C53 /* Persistence.swift */,
				6FB424202864BFB900AC7C53 /* Assets.xcassets */,
				6FB424272864BFB900AC7C53 /* NewsFeed.xcdatamodeld */,
				6FB424222864BFB900AC7C53 /* Preview Content */,
			);
			path = NewsFeed;
			sourceTree = "<group>";
		};
		6FB424222864BFB900AC7C53 /* Preview Content */ = {
			isa = PBXGroup;
			children = (
				6FB424232864BFB900AC7C53 /* Preview Assets.xcassets */,
			);
			path = "Preview Content";
			sourceTree = "<group>";
		};
		6FB4242F2864C28900AC7C53 /* ViewModel */ = {
			isa = PBXGroup;
			children = (
				6FB424302864C2AC00AC7C53 /* NewsHandler.swift */,
			);
			path = ViewModel;
			sourceTree = "<group>";
		};
		6FB424322864C38A00AC7C53 /* Data */ = {
			isa = PBXGroup;
			children = (
				6FB4243D2864C6A000AC7C53 /* ApiConstants.swift */,
				6FB424332864C3BA00AC7C53 /* NewsApiOrgDataSource.swift */,
			);
			path = Data;
			sourceTree = "<group>";
		};
		6FB424352864C3DB00AC7C53 /* Model */ = {
			isa = PBXGroup;
			children = (
				6FB424362864C40B00AC7C53 /* NewsArticle.swift */,
			);
			path = Model;
			sourceTree = "<group>";
		};
		6FB42464286506BC00AC7C53 /* View */ = {
			isa = PBXGroup;
			children = (
				6FB4241E2864BFB600AC7C53 /* NewsListView.swift */,
				6F4FD1C52868C5BB0050F115 /* NewsArticleCell.swift */,
				6FB42462286505CA00AC7C53 /* NewsArticleDetailView.swift */,
			);
			path = View;
			sourceTree = "<group>";
		};
/* End PBXGroup section */

/* Begin PBXNativeTarget section */
		6FB424182864BFB600AC7C53 /* NewsFeed */ = {
			isa = PBXNativeTarget;
			buildConfigurationList = 6FB4242C2864BFB900AC7C53 /* Build configuration list for PBXNativeTarget "NewsFeed" */;
			buildPhases = (
				6FB424152864BFB600AC7C53 /* Sources */,
				6FB424162864BFB600AC7C53 /* Frameworks */,
				6FB424172864BFB600AC7C53 /* Resources */,
			);
			buildRules = (
			);
			dependencies = (
			);
			name = NewsFeed;
			productName = NewsFeed;
			productReference = 6FB424192864BFB600AC7C53 /* NewsFeed.app */;
			productType = "com.apple.product-type.application";
		};
/* End PBXNativeTarget section */

/* Begin PBXProject section */
		6FB424112864BFB600AC7C53 /* Project object */ = {
			isa = PBXProject;
			attributes = {
				BuildIndependentTargetsInParallel = 1;
				LastSwiftUpdateCheck = 1340;
				LastUpgradeCheck = 1340;
				TargetAttributes = {
					6FB424182864BFB600AC7C53 = {
						CreatedOnToolsVersion = 13.4.1;
					};
				};
			};
			buildConfigurationList = 6FB424142864BFB600AC7C53 /* Build configuration list for PBXProject "NewsFeed" */;
			compatibilityVersion = "Xcode 13.0";
			developmentRegion = en;
			hasScannedForEncodings = 0;
			knownRegions = (
				en,
				Base,
			);
			mainGroup = 6FB424102864BFB600AC7C53;
			productRefGroup = 6FB4241A2864BFB600AC7C53 /* Products */;
			projectDirPath = "";
			projectRoot = "";
			targets = (
				6FB424182864BFB600AC7C53 /* NewsFeed */,
			);
		};
/* End PBXProject section */

/* Begin PBXResourcesBuildPhase section */
		6FB424172864BFB600AC7C53 /* Resources */ = {
			isa = PBXResourcesBuildPhase;
			buildActionMask = 2147483647;
			files = (
				6FB424242864BFB900AC7C53 /* Preview Assets.xcassets in Resources */,
				6FB424212864BFB900AC7C53 /* Assets.xcassets in Resources */,
			);
			runOnlyForDeploymentPostprocessing = 0;
		};
/* End PBXResourcesBuildPhase section */

/* Begin PBXSourcesBuildPhase section */
		6FB424152864BFB600AC7C53 /* Sources */ = {
			isa = PBXSourcesBuildPhase;
			buildActionMask = 2147483647;
			files = (
				6F4FD1C82868C6CF0050F115 /* DateUtils.swift in Sources */,
				6FB424372864C40B00AC7C53 /* NewsArticle.swift in Sources */,
				6FB424262864BFB900AC7C53 /* Persistence.swift in Sources */,
				6F4FD1CC2868CA170050F115 /* NAError.swift in Sources */,
				6FB4243E2864C6A000AC7C53 /* ApiConstants.swift in Sources */,
				6FB424342864C3BA00AC7C53 /* NewsApiOrgDataSource.swift in Sources */,
				6FB424312864C2AC00AC7C53 /* NewsHandler.swift in Sources */,
				6F4FD1CA2868C7D60050F115 /* Alert.swift in Sources */,
				6FB4241F2864BFB600AC7C53 /* NewsListView.swift in Sources */,
				6FB424292864BFB900AC7C53 /* NewsFeed.xcdatamodeld in Sources */,
				6F4FD1C62868C5BB0050F115 /* NewsArticleCell.swift in Sources */,
				6FB4241D2864BFB600AC7C53 /* NewsFeedApp.swift in Sources */,
				6FB42463286505CA00AC7C53 /* NewsArticleDetailView.swift in Sources */,
			);
			runOnlyForDeploymentPostprocessing = 0;
		};
/* End PBXSourcesBuildPhase section */

/* Begin XCBuildConfiguration section */
		6FB4242A2864BFB900AC7C53 /* Debug */ = {
			isa = XCBuildConfiguration;
			buildSettings = {
				ALWAYS_SEARCH_USER_PATHS = NO;
				CLANG_ANALYZER_NONNULL = YES;
				CLANG_ANALYZER_NUMBER_OBJECT_CONVERSION = YES_AGGRESSIVE;
				CLANG_CXX_LANGUAGE_STANDARD = "gnu++17";
				CLANG_ENABLE_MODULES = YES;
				CLANG_ENABLE_OBJC_ARC = YES;
				CLANG_ENABLE_OBJC_WEAK = YES;
				CLANG_WARN_BLOCK_CAPTURE_AUTORELEASING = YES;
				CLANG_WARN_BOOL_CONVERSION = YES;
				CLANG_WARN_COMMA = YES;
				CLANG_WARN_CONSTANT_CONVERSION = YES;
				CLANG_WARN_DEPRECATED_OBJC_IMPLEMENTATIONS = YES;
				CLANG_WARN_DIRECT_OBJC_ISA_USAGE = YES_ERROR;
				CLANG_WARN_DOCUMENTATION_COMMENTS = YES;
				CLANG_WARN_EMPTY_BODY = YES;
				CLANG_WARN_ENUM_CONVERSION = YES;
				CLANG_WARN_INFINITE_RECURSION = YES;
				CLANG_WARN_INT_CONVERSION = YES;
				CLANG_WARN_NON_LITERAL_NULL_CONVERSION = YES;
				CLANG_WARN_OBJC_IMPLICIT_RETAIN_SELF = YES;
				CLANG_WARN_OBJC_LITERAL_CONVERSION = YES;
				CLANG_WARN_OBJC_ROOT_CLASS = YES_ERROR;
				CLANG_WARN_QUOTED_INCLUDE_IN_FRAMEWORK_HEADER = YES;
				CLANG_WARN_RANGE_LOOP_ANALYSIS = YES;
				CLANG_WARN_STRICT_PROTOTYPES = YES;
				CLANG_WARN_SUSPICIOUS_MOVE = YES;
				CLANG_WARN_UNGUARDED_AVAILABILITY = YES_AGGRESSIVE;
				CLANG_WARN_UNREACHABLE_CODE = YES;
				CLANG_WARN__DUPLICATE_METHOD_MATCH = YES;
				COPY_PHASE_STRIP = NO;
				DEBUG_INFORMATION_FORMAT = dwarf;
				ENABLE_STRICT_OBJC_MSGSEND = YES;
				ENABLE_TESTABILITY = YES;
				GCC_C_LANGUAGE_STANDARD = gnu11;
				GCC_DYNAMIC_NO_PIC = NO;
				GCC_NO_COMMON_BLOCKS = YES;
				GCC_OPTIMIZATION_LEVEL = 0;
				GCC_PREPROCESSOR_DEFINITIONS = (
					"DEBUG=1",
					"$(inherited)",
				);
				GCC_WARN_64_TO_32_BIT_CONVERSION = YES;
				GCC_WARN_ABOUT_RETURN_TYPE = YES_ERROR;
				GCC_WARN_UNDECLARED_SELECTOR = YES;
				GCC_WARN_UNINITIALIZED_AUTOS = YES_AGGRESSIVE;
				GCC_WARN_UNUSED_FUNCTION = YES;
				GCC_WARN_UNUSED_VARIABLE = YES;
				IPHONEOS_DEPLOYMENT_TARGET = 15.5;
				MTL_ENABLE_DEBUG_INFO = INCLUDE_SOURCE;
				MTL_FAST_MATH = YES;
				ONLY_ACTIVE_ARCH = YES;
				SDKROOT = iphoneos;
				SWIFT_ACTIVE_COMPILATION_CONDITIONS = DEBUG;
				SWIFT_OPTIMIZATION_LEVEL = "-Onone";
			};
			name = Debug;
		};
		6FB4242B2864BFB900AC7C53 /* Release */ = {
			isa = XCBuildConfiguration;
			buildSettings = {
				ALWAYS_SEARCH_USER_PATHS = NO;
				CLANG_ANALYZER_NONNULL = YES;
				CLANG_ANALYZER_NUMBER_OBJECT_CONVERSION = YES_AGGRESSIVE;
				CLANG_CXX_LANGUAGE_STANDARD = "gnu++17";
				CLANG_ENABLE_MODULES = YES;
				CLANG_ENABLE_OBJC_ARC = YES;
				CLANG_ENABLE_OBJC_WEAK = YES;
				CLANG_WARN_BLOCK_CAPTURE_AUTORELEASING = YES;
				CLANG_WARN_BOOL_CONVERSION = YES;
				CLANG_WARN_COMMA = YES;
				CLANG_WARN_CONSTANT_CONVERSION = YES;
				CLANG_WARN_DEPRECATED_OBJC_IMPLEMENTATIONS = YES;
				CLANG_WARN_DIRECT_OBJC_ISA_USAGE = YES_ERROR;
				CLANG_WARN_DOCUMENTATION_COMMENTS = YES;
				CLANG_WARN_EMPTY_BODY = YES;
				CLANG_WARN_ENUM_CONVERSION = YES;
				CLANG_WARN_INFINITE_RECURSION = YES;
				CLANG_WARN_INT_CONVERSION = YES;
				CLANG_WARN_NON_LITERAL_NULL_CONVERSION = YES;
				CLANG_WARN_OBJC_IMPLICIT_RETAIN_SELF = YES;
				CLANG_WARN_OBJC_LITERAL_CONVERSION = YES;
				CLANG_WARN_OBJC_ROOT_CLASS = YES_ERROR;
				CLANG_WARN_QUOTED_INCLUDE_IN_FRAMEWORK_HEADER = YES;
				CLANG_WARN_RANGE_LOOP_ANALYSIS = YES;
				CLANG_WARN_STRICT_PROTOTYPES = YES;
				CLANG_WARN_SUSPICIOUS_MOVE = YES;
				CLANG_WARN_UNGUARDED_AVAILABILITY = YES_AGGRESSIVE;
				CLANG_WARN_UNREACHABLE_CODE = YES;
				CLANG_WARN__DUPLICATE_METHOD_MATCH = YES;
				COPY_PHASE_STRIP = NO;
				DEBUG_INFORMATION_FORMAT = "dwarf-with-dsym";
				ENABLE_NS_ASSERTIONS = NO;
				ENABLE_STRICT_OBJC_MSGSEND = YES;
				GCC_C_LANGUAGE_STANDARD = gnu11;
				GCC_NO_COMMON_BLOCKS = YES;
				GCC_WARN_64_TO_32_BIT_CONVERSION = YES;
				GCC_WARN_ABOUT_RETURN_TYPE = YES_ERROR;
				GCC_WARN_UNDECLARED_SELECTOR = YES;
				GCC_WARN_UNINITIALIZED_AUTOS = YES_AGGRESSIVE;
				GCC_WARN_UNUSED_FUNCTION = YES;
				GCC_WARN_UNUSED_VARIABLE = YES;
				IPHONEOS_DEPLOYMENT_TARGET = 15.5;
				MTL_ENABLE_DEBUG_INFO = NO;
				MTL_FAST_MATH = YES;
				SDKROOT = iphoneos;
				SWIFT_COMPILATION_MODE = wholemodule;
				SWIFT_OPTIMIZATION_LEVEL = "-O";
				VALIDATE_PRODUCT = YES;
			};
			name = Release;
		};
		6FB4242D2864BFB900AC7C53 /* Debug */ = {
			isa = XCBuildConfiguration;
			buildSettings = {
				ASSETCATALOG_COMPILER_APPICON_NAME = AppIcon;
				ASSETCATALOG_COMPILER_GLOBAL_ACCENT_COLOR_NAME = AccentColor;
				CODE_SIGN_STYLE = Automatic;
				CURRENT_PROJECT_VERSION = 1;
				DEVELOPMENT_ASSET_PATHS = "\"NewsFeed/Preview Content\"";
				DEVELOPMENT_TEAM = 548ZQR4ZZN;
				ENABLE_PREVIEWS = YES;
				GENERATE_INFOPLIST_FILE = YES;
				INFOPLIST_KEY_UIApplicationSceneManifest_Generation = YES;
				INFOPLIST_KEY_UIApplicationSupportsIndirectInputEvents = YES;
				INFOPLIST_KEY_UILaunchScreen_Generation = YES;
				INFOPLIST_KEY_UISupportedInterfaceOrientations_iPad = "UIInterfaceOrientationPortrait UIInterfaceOrientationPortraitUpsideDown UIInterfaceOrientationLandscapeLeft UIInterfaceOrientationLandscapeRight";
				INFOPLIST_KEY_UISupportedInterfaceOrientations_iPhone = "UIInterfaceOrientationPortrait UIInterfaceOrientationLandscapeLeft UIInterfaceOrientationLandscapeRight";
				LD_RUNPATH_SEARCH_PATHS = (
					"$(inherited)",
					"@executable_path/Frameworks",
				);
				MARKETING_VERSION = 1.0;
				PRODUCT_BUNDLE_IDENTIFIER = com.jlucea.NewsFeed;
				PRODUCT_NAME = "$(TARGET_NAME)";
				SWIFT_EMIT_LOC_STRINGS = YES;
				SWIFT_VERSION = 5.0;
				TARGETED_DEVICE_FAMILY = 1;
			};
			name = Debug;
		};
		6FB4242E2864BFB900AC7C53 /* Release */ = {
			isa = XCBuildConfiguration;
			buildSettings = {
				ASSETCATALOG_COMPILER_APPICON_NAME = AppIcon;
				ASSETCATALOG_COMPILER_GLOBAL_ACCENT_COLOR_NAME = AccentColor;
				CODE_SIGN_STYLE = Automatic;
				CURRENT_PROJECT_VERSION = 1;
				DEVELOPMENT_ASSET_PATHS = "\"NewsFeed/Preview Content\"";
				DEVELOPMENT_TEAM = 548ZQR4ZZN;
				ENABLE_PREVIEWS = YES;
				GENERATE_INFOPLIST_FILE = YES;
				INFOPLIST_KEY_UIApplicationSceneManifest_Generation = YES;
				INFOPLIST_KEY_UIApplicationSupportsIndirectInputEvents = YES;
				INFOPLIST_KEY_UILaunchScreen_Generation = YES;
				INFOPLIST_KEY_UISupportedInterfaceOrientations_iPad = "UIInterfaceOrientationPortrait UIInterfaceOrientationPortraitUpsideDown UIInterfaceOrientationLandscapeLeft UIInterfaceOrientationLandscapeRight";
				INFOPLIST_KEY_UISupportedInterfaceOrientations_iPhone = "UIInterfaceOrientationPortrait UIInterfaceOrientationLandscapeLeft UIInterfaceOrientationLandscapeRight";
				LD_RUNPATH_SEARCH_PATHS = (
					"$(inherited)",
					"@executable_path/Frameworks",
				);
				MARKETING_VERSION = 1.0;
				PRODUCT_BUNDLE_IDENTIFIER = com.jlucea.NewsFeed;
				PRODUCT_NAME = "$(TARGET_NAME)";
				SWIFT_EMIT_LOC_STRINGS = YES;
				SWIFT_VERSION = 5.0;
				TARGETED_DEVICE_FAMILY = 1;
			};
			name = Release;
		};
/* End XCBuildConfiguration section */

/* Begin XCConfigurationList section */
		6FB424142864BFB600AC7C53 /* Build configuration list for PBXProject "NewsFeed" */ = {
			isa = XCConfigurationList;
			buildConfigurations = (
				6FB4242A2864BFB900AC7C53 /* Debug */,
				6FB4242B2864BFB900AC7C53 /* Release */,
			);
			defaultConfigurationIsVisible = 0;
			defaultConfigurationName = Release;
		};
		6FB4242C2864BFB900AC7C53 /* Build configuration list for PBXNativeTarget "NewsFeed" */ = {
			isa = XCConfigurationList;
			buildConfigurations = (
				6FB4242D2864BFB900AC7C53 /* Debug */,
				6FB4242E2864BFB900AC7C53 /* Release */,
			);
			defaultConfigurationIsVisible = 0;
			defaultConfigurationName = Release;
		};
/* End XCConfigurationList section */

/* Begin XCVersionGroup section */
		6FB424272864BFB900AC7C53 /* NewsFeed.xcdatamodeld */ = {
			isa = XCVersionGroup;
			children = (
				6FB424282864BFB900AC7C53 /* NewsFeed.xcdatamodel */,
			);
			currentVersion = 6FB424282864BFB900AC7C53 /* NewsFeed.xcdatamodel */;
			path = NewsFeed.xcdatamodeld;
			sourceTree = "<group>";
			versionGroupType = wrapper.xcdatamodel;
		};
/* End XCVersionGroup section */
	};
	rootObject = 6FB424112864BFB600AC7C53 /* Project object */;
}
